
Microsoft Visual Studio Solution File, Format Version 12.00
# Visual Studio Version 17
VisualStudioVersion = 17.12.35527.113 d17.12
MinimumVisualStudioVersion = 10.0.40219.1
Project("{FAE04EC0-301F-11D3-BF4B-00C04F79EFBC}") = "Ex03.GarageLogic", "Ex03.GarageLogic\Ex03.GarageLogic.csproj", "{09D2ED01-38A2-43D0-94C3-A98987760883}"
EndProject
Project("{FAE04EC0-301F-11D3-BF4B-00C04F79EFBC}") = "Ex03.ConsoleUI", "Ex03.ConsoleUI\Ex03.ConsoleUI.csproj", "{A07DE283-05E6-478A-B873-6A9F7BF60D47}"
EndProject
Global
	GlobalSection(SolutionConfigurationPlatforms) = preSolution
		Debug|Any CPU = Debug|Any CPU
		Release|Any CPU = Release|Any CPU
	EndGlobalSection
	GlobalSection(ProjectConfigurationPlatforms) = postSolution
		{09D2ED01-38A2-43D0-94C3-A98987760883}.Debug|Any CPU.ActiveCfg = Debug|Any CPU
		{09D2ED01-38A2-43D0-94C3-A98987760883}.Debug|Any CPU.Build.0 = Debug|Any CPU
		{09D2ED01-38A2-43D0-94C3-A98987760883}.Release|Any CPU.ActiveCfg = Release|Any CPU
		{09D2ED01-38A2-43D0-94C3-A98987760883}.Release|Any CPU.Build.0 = Release|Any CPU
		{A07DE283-05E6-478A-B873-6A9F7BF60D47}.Debug|Any CPU.ActiveCfg = Debug|Any CPU
		{A07DE283-05E6-478A-B873-6A9F7BF60D47}.Debug|Any CPU.Build.0 = Debug|Any CPU
		{A07DE283-05E6-478A-B873-6A9F7BF60D47}.Release|Any CPU.ActiveCfg = Release|Any CPU
		{A07DE283-05E6-478A-B873-6A9F7BF60D47}.Release|Any CPU.Build.0 = Release|Any CPU
	EndGlobalSection
	GlobalSection(SolutionProperties) = preSolution
		HideSolutionNode = FALSE
	EndGlobalSection
EndGlobal
